// !$*UTF8*$!
{
	archiveVersion = 1;
	classes = {
	};
	objectVersion = 46;
	objects = {

/* Begin PBXBuildFile section */
		4AC51336E355A79754D3806D /* libPods-YGClassCollection.a in Frameworks */ = {isa = PBXBuildFile; fileRef = 93916D3ACDF509DAB12DA32C /* libPods-YGClassCollection.a */; };
		D51F19B71D86A2D400E37223 /* Accelerate.framework in Frameworks */ = {isa = PBXBuildFile; fileRef = D51F19B61D86A2D400E37223 /* Accelerate.framework */; };
		D51F19B91D86A72400E37223 /* 123.jpg in Resources */ = {isa = PBXBuildFile; fileRef = D51F19B81D86A72400E37223 /* 123.jpg */; };
		D5501EC11D952D6C006A245C /* 12345.jpg in Resources */ = {isa = PBXBuildFile; fileRef = D5501EC01D952D6C006A245C /* 12345.jpg */; };
		D5B1D1F21D62BCF50081B847 /* main.m in Sources */ = {isa = PBXBuildFile; fileRef = D5B1D1F11D62BCF50081B847 /* main.m */; };
		D5B1D1F51D62BCF50081B847 /* AppDelegate.m in Sources */ = {isa = PBXBuildFile; fileRef = D5B1D1F41D62BCF50081B847 /* AppDelegate.m */; };
		D5B1D1F81D62BCF50081B847 /* ViewController.m in Sources */ = {isa = PBXBuildFile; fileRef = D5B1D1F71D62BCF50081B847 /* ViewController.m */; };
		D5B1D1FB1D62BCF50081B847 /* Main.storyboard in Resources */ = {isa = PBXBuildFile; fileRef = D5B1D1F91D62BCF50081B847 /* Main.storyboard */; };
		D5B1D1FD1D62BCF50081B847 /* Assets.xcassets in Resources */ = {isa = PBXBuildFile; fileRef = D5B1D1FC1D62BCF50081B847 /* Assets.xcassets */; };
		D5B1D2001D62BCF50081B847 /* LaunchScreen.storyboard in Resources */ = {isa = PBXBuildFile; fileRef = D5B1D1FE1D62BCF50081B847 /* LaunchScreen.storyboard */; };
		D5E2EC851D89271F0055512B /* YGView.xib in Resources */ = {isa = PBXBuildFile; fileRef = D5E2EC841D89271F0055512B /* YGView.xib */; };
		D5E7CC201D7FE79100F00676 /* YGObjectModel.m in Sources */ = {isa = PBXBuildFile; fileRef = D5E7CC1F1D7FE79100F00676 /* YGObjectModel.m */; };
		D5E7CC231D7FEE8A00F00676 /* YGObjectModelTow.m in Sources */ = {isa = PBXBuildFile; fileRef = D5E7CC221D7FEE8A00F00676 /* YGObjectModelTow.m */; };
		D812CBDE1F66DC550078373C /* NSAttributedString+YGTool.m in Sources */ = {isa = PBXBuildFile; fileRef = D812CBC31F66DC550078373C /* NSAttributedString+YGTool.m */; };
		D812CBDF1F66DC550078373C /* NSDate+YGTool.m in Sources */ = {isa = PBXBuildFile; fileRef = D812CBC51F66DC550078373C /* NSDate+YGTool.m */; };
		D812CBE01F66DC550078373C /* NSObject+YGTool.m in Sources */ = {isa = PBXBuildFile; fileRef = D812CBC71F66DC550078373C /* NSObject+YGTool.m */; };
		D812CBE11F66DC550078373C /* NSString+YGTool.m in Sources */ = {isa = PBXBuildFile; fileRef = D812CBC91F66DC550078373C /* NSString+YGTool.m */; };
		D812CBE21F66DC550078373C /* NSTimer+YGTool.m in Sources */ = {isa = PBXBuildFile; fileRef = D812CBCB1F66DC550078373C /* NSTimer+YGTool.m */; };
		D812CBE31F66DC550078373C /* UIButton+YGTool.m in Sources */ = {isa = PBXBuildFile; fileRef = D812CBCD1F66DC550078373C /* UIButton+YGTool.m */; };
		D812CBE41F66DC550078373C /* UIColor+YGTool.m in Sources */ = {isa = PBXBuildFile; fileRef = D812CBCF1F66DC550078373C /* UIColor+YGTool.m */; };
		D812CBE51F66DC550078373C /* UIControl+YGTool.m in Sources */ = {isa = PBXBuildFile; fileRef = D812CBD11F66DC550078373C /* UIControl+YGTool.m */; };
		D812CBE61F66DC550078373C /* UIImage+YG_SDGIF.m in Sources */ = {isa = PBXBuildFile; fileRef = D812CBD31F66DC550078373C /* UIImage+YG_SDGIF.m */; };
		D812CBE71F66DC550078373C /* UIImage+YGTool.m in Sources */ = {isa = PBXBuildFile; fileRef = D812CBD51F66DC550078373C /* UIImage+YGTool.m */; };
		D812CBE81F66DC550078373C /* UIView+YGTool.m in Sources */ = {isa = PBXBuildFile; fileRef = D812CBD71F66DC550078373C /* UIView+YGTool.m */; };
		D812CBE91F66DC550078373C /* UIWebView+YGTool.m in Sources */ = {isa = PBXBuildFile; fileRef = D812CBD91F66DC550078373C /* UIWebView+YGTool.m */; };
		D812CBEA1F66DC550078373C /* WKWebView+YGTool.m in Sources */ = {isa = PBXBuildFile; fileRef = D812CBDB1F66DC550078373C /* WKWebView+YGTool.m */; };
		D8506DEE1F5560EC004F228D /* iSuperScrollElves.m in Sources */ = {isa = PBXBuildFile; fileRef = D8506DC91F5560EC004F228D /* iSuperScrollElves.m */; };
		D8506DEF1F5560EC004F228D /* SXNavigationView.m in Sources */ = {isa = PBXBuildFile; fileRef = D8506DCC1F5560EC004F228D /* SXNavigationView.m */; };
		D8506DF01F5560EC004F228D /* SXIconAndTitleCell.m in Sources */ = {isa = PBXBuildFile; fileRef = D8506DCF1F5560EC004F228D /* SXIconAndTitleCell.m */; };
		D8506DF11F5560EC004F228D /* YGImageContentItemCell.m in Sources */ = {isa = PBXBuildFile; fileRef = D8506DD21F5560EC004F228D /* YGImageContentItemCell.m */; };
		D8506DF21F5560EC004F228D /* YGImageContentItemCell.xib in Resources */ = {isa = PBXBuildFile; fileRef = D8506DD31F5560EC004F228D /* YGImageContentItemCell.xib */; };
		D8506DF31F5560EC004F228D /* YGImageContentView.m in Sources */ = {isa = PBXBuildFile; fileRef = D8506DD51F5560EC004F228D /* YGImageContentView.m */; };
		D8506DF41F5560EC004F228D /* YGImageModel.m in Sources */ = {isa = PBXBuildFile; fileRef = D8506DD71F5560EC004F228D /* YGImageModel.m */; };
		D8506DF51F5560EC004F228D /* InputView.m in Sources */ = {isa = PBXBuildFile; fileRef = D8506DDA1F5560EC004F228D /* InputView.m */; };
		D8506DF61F5560EC004F228D /* NumberChooseView.m in Sources */ = {isa = PBXBuildFile; fileRef = D8506DDD1F5560EC004F228D /* NumberChooseView.m */; };
		D8506DF71F5560EC004F228D /* YGPagesView.m in Sources */ = {isa = PBXBuildFile; fileRef = D8506DE01F5560EC004F228D /* YGPagesView.m */; };
		D8A77E242008A0B200A7FAC4 /* YGItemsView.m in Sources */ = {isa = PBXBuildFile; fileRef = D8A77E212008A0B200A7FAC4 /* YGItemsView.m */; };
		D8A77E252008A0B200A7FAC4 /* YGEqualSpaceFlowLayout.m in Sources */ = {isa = PBXBuildFile; fileRef = D8A77E222008A0B200A7FAC4 /* YGEqualSpaceFlowLayout.m */; };
		D8A77E262008A0B200A7FAC4 /* YGItemsViewCell.m in Sources */ = {isa = PBXBuildFile; fileRef = D8A77E232008A0B200A7FAC4 /* YGItemsViewCell.m */; };
		D8A77E302008A13D00A7FAC4 /* YGMp3PlayView.m in Sources */ = {isa = PBXBuildFile; fileRef = D8A77E282008A13D00A7FAC4 /* YGMp3PlayView.m */; };
		D8A77E312008A13D00A7FAC4 /* YGMp3PlayDelegate.m in Sources */ = {isa = PBXBuildFile; fileRef = D8A77E2A2008A13D00A7FAC4 /* YGMp3PlayDelegate.m */; };
		D8A77E322008A13D00A7FAC4 /* YGPlayModel.m in Sources */ = {isa = PBXBuildFile; fileRef = D8A77E2D2008A13D00A7FAC4 /* YGPlayModel.m */; };
		D8A77E332008A13D00A7FAC4 /* YGPlayManager.m in Sources */ = {isa = PBXBuildFile; fileRef = D8A77E2E2008A13D00A7FAC4 /* YGPlayManager.m */; };
/* End PBXBuildFile section */

/* Begin PBXFileReference section */
		4008DEEB43BF57EFA556F2A4 /* Pods-YGClassCollection.release.xcconfig */ = {isa = PBXFileReference; includeInIndex = 1; lastKnownFileType = text.xcconfig; name = "Pods-YGClassCollection.release.xcconfig"; path = "Pods/Target Support Files/Pods-YGClassCollection/Pods-YGClassCollection.release.xcconfig"; sourceTree = "<group>"; };
		624573F0494FEEC60B023438 /* Pods-YGClassCollection.debug.xcconfig */ = {isa = PBXFileReference; includeInIndex = 1; lastKnownFileType = text.xcconfig; name = "Pods-YGClassCollection.debug.xcconfig"; path = "Pods/Target Support Files/Pods-YGClassCollection/Pods-YGClassCollection.debug.xcconfig"; sourceTree = "<group>"; };
		93916D3ACDF509DAB12DA32C /* libPods-YGClassCollection.a */ = {isa = PBXFileReference; explicitFileType = archive.ar; includeInIndex = 0; path = "libPods-YGClassCollection.a"; sourceTree = BUILT_PRODUCTS_DIR; };
		D51F19B61D86A2D400E37223 /* Accelerate.framework */ = {isa = PBXFileReference; lastKnownFileType = wrapper.framework; name = Accelerate.framework; path = System/Library/Frameworks/Accelerate.framework; sourceTree = SDKROOT; };
		D51F19B81D86A72400E37223 /* 123.jpg */ = {isa = PBXFileReference; lastKnownFileType = image.jpeg; path = 123.jpg; sourceTree = "<group>"; };
		D5501EC01D952D6C006A245C /* 12345.jpg */ = {isa = PBXFileReference; lastKnownFileType = image.jpeg; path = 12345.jpg; sourceTree = "<group>"; };
		D5B1D1ED1D62BCF50081B847 /* YGClassCollection.app */ = {isa = PBXFileReference; explicitFileType = wrapper.application; includeInIndex = 0; path = YGClassCollection.app; sourceTree = BUILT_PRODUCTS_DIR; };
		D5B1D1F11D62BCF50081B847 /* main.m */ = {isa = PBXFileReference; lastKnownFileType = sourcecode.c.objc; path = main.m; sourceTree = "<group>"; };
		D5B1D1F31D62BCF50081B847 /* AppDelegate.h */ = {isa = PBXFileReference; lastKnownFileType = sourcecode.c.h; path = AppDelegate.h; sourceTree = "<group>"; };
		D5B1D1F41D62BCF50081B847 /* AppDelegate.m */ = {isa = PBXFileReference; lastKnownFileType = sourcecode.c.objc; path = AppDelegate.m; sourceTree = "<group>"; };
		D5B1D1F61D62BCF50081B847 /* ViewController.h */ = {isa = PBXFileReference; lastKnownFileType = sourcecode.c.h; path = ViewController.h; sourceTree = "<group>"; };
		D5B1D1F71D62BCF50081B847 /* ViewController.m */ = {isa = PBXFileReference; lastKnownFileType = sourcecode.c.objc; path = ViewController.m; sourceTree = "<group>"; };
		D5B1D1FA1D62BCF50081B847 /* Base */ = {isa = PBXFileReference; lastKnownFileType = file.storyboard; name = Base; path = Base.lproj/Main.storyboard; sourceTree = "<group>"; };
		D5B1D1FC1D62BCF50081B847 /* Assets.xcassets */ = {isa = PBXFileReference; lastKnownFileType = folder.assetcatalog; path = Assets.xcassets; sourceTree = "<group>"; };
		D5B1D1FF1D62BCF50081B847 /* Base */ = {isa = PBXFileReference; lastKnownFileType = file.storyboard; name = Base; path = Base.lproj/LaunchScreen.storyboard; sourceTree = "<group>"; };
		D5B1D2011D62BCF50081B847 /* Info.plist */ = {isa = PBXFileReference; lastKnownFileType = text.plist.xml; path = Info.plist; sourceTree = "<group>"; };
		D5E2EC841D89271F0055512B /* YGView.xib */ = {isa = PBXFileReference; fileEncoding = 4; lastKnownFileType = file.xib; path = YGView.xib; sourceTree = "<group>"; };
		D5E7CC1E1D7FE79100F00676 /* YGObjectModel.h */ = {isa = PBXFileReference; fileEncoding = 4; lastKnownFileType = sourcecode.c.h; path = YGObjectModel.h; sourceTree = "<group>"; };
		D5E7CC1F1D7FE79100F00676 /* YGObjectModel.m */ = {isa = PBXFileReference; fileEncoding = 4; lastKnownFileType = sourcecode.c.objc; path = YGObjectModel.m; sourceTree = "<group>"; };
		D5E7CC211D7FEE8A00F00676 /* YGObjectModelTow.h */ = {isa = PBXFileReference; fileEncoding = 4; lastKnownFileType = sourcecode.c.h; path = YGObjectModelTow.h; sourceTree = "<group>"; };
		D5E7CC221D7FEE8A00F00676 /* YGObjectModelTow.m */ = {isa = PBXFileReference; fileEncoding = 4; lastKnownFileType = sourcecode.c.objc; path = YGObjectModelTow.m; sourceTree = "<group>"; };
		D812CBC21F66DC550078373C /* NSAttributedString+YGTool.h */ = {isa = PBXFileReference; fileEncoding = 4; lastKnownFileType = sourcecode.c.h; path = "NSAttributedString+YGTool.h"; sourceTree = "<group>"; };
		D812CBC31F66DC550078373C /* NSAttributedString+YGTool.m */ = {isa = PBXFileReference; fileEncoding = 4; lastKnownFileType = sourcecode.c.objc; path = "NSAttributedString+YGTool.m"; sourceTree = "<group>"; };
		D812CBC41F66DC550078373C /* NSDate+YGTool.h */ = {isa = PBXFileReference; fileEncoding = 4; lastKnownFileType = sourcecode.c.h; path = "NSDate+YGTool.h"; sourceTree = "<group>"; };
		D812CBC51F66DC550078373C /* NSDate+YGTool.m */ = {isa = PBXFileReference; fileEncoding = 4; lastKnownFileType = sourcecode.c.objc; path = "NSDate+YGTool.m"; sourceTree = "<group>"; };
		D812CBC61F66DC550078373C /* NSObject+YGTool.h */ = {isa = PBXFileReference; fileEncoding = 4; lastKnownFileType = sourcecode.c.h; path = "NSObject+YGTool.h"; sourceTree = "<group>"; };
		D812CBC71F66DC550078373C /* NSObject+YGTool.m */ = {isa = PBXFileReference; fileEncoding = 4; lastKnownFileType = sourcecode.c.objc; path = "NSObject+YGTool.m"; sourceTree = "<group>"; };
		D812CBC81F66DC550078373C /* NSString+YGTool.h */ = {isa = PBXFileReference; fileEncoding = 4; lastKnownFileType = sourcecode.c.h; path = "NSString+YGTool.h"; sourceTree = "<group>"; };
		D812CBC91F66DC550078373C /* NSString+YGTool.m */ = {isa = PBXFileReference; fileEncoding = 4; lastKnownFileType = sourcecode.c.objc; path = "NSString+YGTool.m"; sourceTree = "<group>"; };
		D812CBCA1F66DC550078373C /* NSTimer+YGTool.h */ = {isa = PBXFileReference; fileEncoding = 4; lastKnownFileType = sourcecode.c.h; path = "NSTimer+YGTool.h"; sourceTree = "<group>"; };
		D812CBCB1F66DC550078373C /* NSTimer+YGTool.m */ = {isa = PBXFileReference; fileEncoding = 4; lastKnownFileType = sourcecode.c.objc; path = "NSTimer+YGTool.m"; sourceTree = "<group>"; };
		D812CBCC1F66DC550078373C /* UIButton+YGTool.h */ = {isa = PBXFileReference; fileEncoding = 4; lastKnownFileType = sourcecode.c.h; path = "UIButton+YGTool.h"; sourceTree = "<group>"; };
		D812CBCD1F66DC550078373C /* UIButton+YGTool.m */ = {isa = PBXFileReference; fileEncoding = 4; lastKnownFileType = sourcecode.c.objc; path = "UIButton+YGTool.m"; sourceTree = "<group>"; };
		D812CBCE1F66DC550078373C /* UIColor+YGTool.h */ = {isa = PBXFileReference; fileEncoding = 4; lastKnownFileType = sourcecode.c.h; path = "UIColor+YGTool.h"; sourceTree = "<group>"; };
		D812CBCF1F66DC550078373C /* UIColor+YGTool.m */ = {isa = PBXFileReference; fileEncoding = 4; lastKnownFileType = sourcecode.c.objc; path = "UIColor+YGTool.m"; sourceTree = "<group>"; };
		D812CBD01F66DC550078373C /* UIControl+YGTool.h */ = {isa = PBXFileReference; fileEncoding = 4; lastKnownFileType = sourcecode.c.h; path = "UIControl+YGTool.h"; sourceTree = "<group>"; };
		D812CBD11F66DC550078373C /* UIControl+YGTool.m */ = {isa = PBXFileReference; fileEncoding = 4; lastKnownFileType = sourcecode.c.objc; path = "UIControl+YGTool.m"; sourceTree = "<group>"; };
		D812CBD21F66DC550078373C /* UIImage+YG_SDGIF.h */ = {isa = PBXFileReference; fileEncoding = 4; lastKnownFileType = sourcecode.c.h; path = "UIImage+YG_SDGIF.h"; sourceTree = "<group>"; };
		D812CBD31F66DC550078373C /* UIImage+YG_SDGIF.m */ = {isa = PBXFileReference; fileEncoding = 4; lastKnownFileType = sourcecode.c.objc; path = "UIImage+YG_SDGIF.m"; sourceTree = "<group>"; };
		D812CBD41F66DC550078373C /* UIImage+YGTool.h */ = {isa = PBXFileReference; fileEncoding = 4; lastKnownFileType = sourcecode.c.h; path = "UIImage+YGTool.h"; sourceTree = "<group>"; };
		D812CBD51F66DC550078373C /* UIImage+YGTool.m */ = {isa = PBXFileReference; fileEncoding = 4; lastKnownFileType = sourcecode.c.objc; path = "UIImage+YGTool.m"; sourceTree = "<group>"; };
		D812CBD61F66DC550078373C /* UIView+YGTool.h */ = {isa = PBXFileReference; fileEncoding = 4; lastKnownFileType = sourcecode.c.h; path = "UIView+YGTool.h"; sourceTree = "<group>"; };
		D812CBD71F66DC550078373C /* UIView+YGTool.m */ = {isa = PBXFileReference; fileEncoding = 4; lastKnownFileType = sourcecode.c.objc; path = "UIView+YGTool.m"; sourceTree = "<group>"; };
		D812CBD81F66DC550078373C /* UIWebView+YGTool.h */ = {isa = PBXFileReference; fileEncoding = 4; lastKnownFileType = sourcecode.c.h; path = "UIWebView+YGTool.h"; sourceTree = "<group>"; };
		D812CBD91F66DC550078373C /* UIWebView+YGTool.m */ = {isa = PBXFileReference; fileEncoding = 4; lastKnownFileType = sourcecode.c.objc; path = "UIWebView+YGTool.m"; sourceTree = "<group>"; };
		D812CBDA1F66DC550078373C /* WKWebView+YGTool.h */ = {isa = PBXFileReference; fileEncoding = 4; lastKnownFileType = sourcecode.c.h; path = "WKWebView+YGTool.h"; sourceTree = "<group>"; };
		D812CBDB1F66DC550078373C /* WKWebView+YGTool.m */ = {isa = PBXFileReference; fileEncoding = 4; lastKnownFileType = sourcecode.c.objc; path = "WKWebView+YGTool.m"; sourceTree = "<group>"; };
		D812CBDC1F66DC550078373C /* YGClassCollection.h */ = {isa = PBXFileReference; fileEncoding = 4; lastKnownFileType = sourcecode.c.h; path = YGClassCollection.h; sourceTree = "<group>"; };
		D812CBDD1F66DC550078373C /* YGObjectModel.h */ = {isa = PBXFileReference; fileEncoding = 4; lastKnownFileType = sourcecode.c.h; path = YGObjectModel.h; sourceTree = "<group>"; };
		D8506DC81F5560EC004F228D /* iSuperScrollElves.h */ = {isa = PBXFileReference; fileEncoding = 4; lastKnownFileType = sourcecode.c.h; path = iSuperScrollElves.h; sourceTree = "<group>"; };
		D8506DC91F5560EC004F228D /* iSuperScrollElves.m */ = {isa = PBXFileReference; fileEncoding = 4; lastKnownFileType = sourcecode.c.objc; path = iSuperScrollElves.m; sourceTree = "<group>"; };
		D8506DCB1F5560EC004F228D /* SXNavigationView.h */ = {isa = PBXFileReference; fileEncoding = 4; lastKnownFileType = sourcecode.c.h; path = SXNavigationView.h; sourceTree = "<group>"; };
		D8506DCC1F5560EC004F228D /* SXNavigationView.m */ = {isa = PBXFileReference; fileEncoding = 4; lastKnownFileType = sourcecode.c.objc; path = SXNavigationView.m; sourceTree = "<group>"; };
		D8506DCE1F5560EC004F228D /* SXIconAndTitleCell.h */ = {isa = PBXFileReference; fileEncoding = 4; lastKnownFileType = sourcecode.c.h; path = SXIconAndTitleCell.h; sourceTree = "<group>"; };
		D8506DCF1F5560EC004F228D /* SXIconAndTitleCell.m */ = {isa = PBXFileReference; fileEncoding = 4; lastKnownFileType = sourcecode.c.objc; path = SXIconAndTitleCell.m; sourceTree = "<group>"; };
		D8506DD11F5560EC004F228D /* YGImageContentItemCell.h */ = {isa = PBXFileReference; fileEncoding = 4; lastKnownFileType = sourcecode.c.h; path = YGImageContentItemCell.h; sourceTree = "<group>"; };
		D8506DD21F5560EC004F228D /* YGImageContentItemCell.m */ = {isa = PBXFileReference; fileEncoding = 4; lastKnownFileType = sourcecode.c.objc; path = YGImageContentItemCell.m; sourceTree = "<group>"; };
		D8506DD31F5560EC004F228D /* YGImageContentItemCell.xib */ = {isa = PBXFileReference; fileEncoding = 4; lastKnownFileType = file.xib; path = YGImageContentItemCell.xib; sourceTree = "<group>"; };
		D8506DD41F5560EC004F228D /* YGImageContentView.h */ = {isa = PBXFileReference; fileEncoding = 4; lastKnownFileType = sourcecode.c.h; path = YGImageContentView.h; sourceTree = "<group>"; };
		D8506DD51F5560EC004F228D /* YGImageContentView.m */ = {isa = PBXFileReference; fileEncoding = 4; lastKnownFileType = sourcecode.c.objc; path = YGImageContentView.m; sourceTree = "<group>"; };
		D8506DD61F5560EC004F228D /* YGImageModel.h */ = {isa = PBXFileReference; fileEncoding = 4; lastKnownFileType = sourcecode.c.h; path = YGImageModel.h; sourceTree = "<group>"; };
		D8506DD71F5560EC004F228D /* YGImageModel.m */ = {isa = PBXFileReference; fileEncoding = 4; lastKnownFileType = sourcecode.c.objc; path = YGImageModel.m; sourceTree = "<group>"; };
		D8506DD91F5560EC004F228D /* InputView.h */ = {isa = PBXFileReference; fileEncoding = 4; lastKnownFileType = sourcecode.c.h; path = InputView.h; sourceTree = "<group>"; };
		D8506DDA1F5560EC004F228D /* InputView.m */ = {isa = PBXFileReference; fileEncoding = 4; lastKnownFileType = sourcecode.c.objc; path = InputView.m; sourceTree = "<group>"; };
		D8506DDC1F5560EC004F228D /* NumberChooseView.h */ = {isa = PBXFileReference; fileEncoding = 4; lastKnownFileType = sourcecode.c.h; path = NumberChooseView.h; sourceTree = "<group>"; };
		D8506DDD1F5560EC004F228D /* NumberChooseView.m */ = {isa = PBXFileReference; fileEncoding = 4; lastKnownFileType = sourcecode.c.objc; path = NumberChooseView.m; sourceTree = "<group>"; };
		D8506DDF1F5560EC004F228D /* YGPagesView.h */ = {isa = PBXFileReference; fileEncoding = 4; lastKnownFileType = sourcecode.c.h; path = YGPagesView.h; sourceTree = "<group>"; };
		D8506DE01F5560EC004F228D /* YGPagesView.m */ = {isa = PBXFileReference; fileEncoding = 4; lastKnownFileType = sourcecode.c.objc; path = YGPagesView.m; sourceTree = "<group>"; };
		D8A77E1E2008A0B200A7FAC4 /* YGItemsView.h */ = {isa = PBXFileReference; fileEncoding = 4; lastKnownFileType = sourcecode.c.h; path = YGItemsView.h; sourceTree = "<group>"; };
		D8A77E1F2008A0B200A7FAC4 /* YGEqualSpaceFlowLayout.h */ = {isa = PBXFileReference; fileEncoding = 4; lastKnownFileType = sourcecode.c.h; path = YGEqualSpaceFlowLayout.h; sourceTree = "<group>"; };
		D8A77E202008A0B200A7FAC4 /* YGItemsViewCell.h */ = {isa = PBXFileReference; fileEncoding = 4; lastKnownFileType = sourcecode.c.h; path = YGItemsViewCell.h; sourceTree = "<group>"; };
		D8A77E212008A0B200A7FAC4 /* YGItemsView.m */ = {isa = PBXFileReference; fileEncoding = 4; lastKnownFileType = sourcecode.c.objc; path = YGItemsView.m; sourceTree = "<group>"; };
		D8A77E222008A0B200A7FAC4 /* YGEqualSpaceFlowLayout.m */ = {isa = PBXFileReference; fileEncoding = 4; lastKnownFileType = sourcecode.c.objc; path = YGEqualSpaceFlowLayout.m; sourceTree = "<group>"; };
		D8A77E232008A0B200A7FAC4 /* YGItemsViewCell.m */ = {isa = PBXFileReference; fileEncoding = 4; lastKnownFileType = sourcecode.c.objc; path = YGItemsViewCell.m; sourceTree = "<group>"; };
		D8A77E282008A13D00A7FAC4 /* YGMp3PlayView.m */ = {isa = PBXFileReference; fileEncoding = 4; lastKnownFileType = sourcecode.c.objc; path = YGMp3PlayView.m; sourceTree = "<group>"; };
		D8A77E292008A13D00A7FAC4 /* YGPlayModel.h */ = {isa = PBXFileReference; fileEncoding = 4; lastKnownFileType = sourcecode.c.h; path = YGPlayModel.h; sourceTree = "<group>"; };
		D8A77E2A2008A13D00A7FAC4 /* YGMp3PlayDelegate.m */ = {isa = PBXFileReference; fileEncoding = 4; lastKnownFileType = sourcecode.c.objc; path = YGMp3PlayDelegate.m; sourceTree = "<group>"; };
		D8A77E2B2008A13D00A7FAC4 /* YGPlayManager.h */ = {isa = PBXFileReference; fileEncoding = 4; lastKnownFileType = sourcecode.c.h; path = YGPlayManager.h; sourceTree = "<group>"; };
		D8A77E2C2008A13D00A7FAC4 /* YGMp3PlayView.h */ = {isa = PBXFileReference; fileEncoding = 4; lastKnownFileType = sourcecode.c.h; path = YGMp3PlayView.h; sourceTree = "<group>"; };
		D8A77E2D2008A13D00A7FAC4 /* YGPlayModel.m */ = {isa = PBXFileReference; fileEncoding = 4; lastKnownFileType = sourcecode.c.objc; path = YGPlayModel.m; sourceTree = "<group>"; };
		D8A77E2E2008A13D00A7FAC4 /* YGPlayManager.m */ = {isa = PBXFileReference; fileEncoding = 4; lastKnownFileType = sourcecode.c.objc; path = YGPlayManager.m; sourceTree = "<group>"; };
		D8A77E2F2008A13D00A7FAC4 /* YGMp3PlayDelegate.h */ = {isa = PBXFileReference; fileEncoding = 4; lastKnownFileType = sourcecode.c.h; path = YGMp3PlayDelegate.h; sourceTree = "<group>"; };
/* End PBXFileReference section */

/* Begin PBXFrameworksBuildPhase section */
		D5B1D1EA1D62BCF50081B847 /* Frameworks */ = {
			isa = PBXFrameworksBuildPhase;
			buildActionMask = 2147483647;
			files = (
				D51F19B71D86A2D400E37223 /* Accelerate.framework in Frameworks */,
				4AC51336E355A79754D3806D /* libPods-YGClassCollection.a in Frameworks */,
			);
			runOnlyForDeploymentPostprocessing = 0;
		};
/* End PBXFrameworksBuildPhase section */

/* Begin PBXGroup section */
		30D6D84E31679E6FFD3EBE8D /* Pods */ = {
			isa = PBXGroup;
			children = (
				624573F0494FEEC60B023438 /* Pods-YGClassCollection.debug.xcconfig */,
				4008DEEB43BF57EFA556F2A4 /* Pods-YGClassCollection.release.xcconfig */,
			);
			name = Pods;
			sourceTree = "<group>";
		};
		37500A982BA48EA7DC263F9D /* Frameworks */ = {
			isa = PBXGroup;
			children = (
				93916D3ACDF509DAB12DA32C /* libPods-YGClassCollection.a */,
			);
			name = Frameworks;
			sourceTree = "<group>";
		};
		D5B1D1E41D62BCF50081B847 = {
			isa = PBXGroup;
			children = (
				D51F19B81D86A72400E37223 /* 123.jpg */,
				D5501EC01D952D6C006A245C /* 12345.jpg */,
				D5B1D1EF1D62BCF50081B847 /* YGClassCollection */,
				D5B1D1EE1D62BCF50081B847 /* Products */,
				30D6D84E31679E6FFD3EBE8D /* Pods */,
				37500A982BA48EA7DC263F9D /* Frameworks */,
			);
			sourceTree = "<group>";
		};
		D5B1D1EE1D62BCF50081B847 /* Products */ = {
			isa = PBXGroup;
			children = (
				D5B1D1ED1D62BCF50081B847 /* YGClassCollection.app */,
			);
			name = Products;
			sourceTree = "<group>";
		};
		D5B1D1EF1D62BCF50081B847 /* YGClassCollection */ = {
			isa = PBXGroup;
			children = (
				D5B1D1F31D62BCF50081B847 /* AppDelegate.h */,
				D5B1D1F41D62BCF50081B847 /* AppDelegate.m */,
				D5B1D1F61D62BCF50081B847 /* ViewController.h */,
				D5B1D1F71D62BCF50081B847 /* ViewController.m */,
				D5E7CC1E1D7FE79100F00676 /* YGObjectModel.h */,
				D5E7CC1F1D7FE79100F00676 /* YGObjectModel.m */,
				D5E7CC211D7FEE8A00F00676 /* YGObjectModelTow.h */,
				D5E7CC221D7FEE8A00F00676 /* YGObjectModelTow.m */,
				D8506DA81F5560EC004F228D /* Class */,
				D5B1D20A1D62D7DE0081B847 /* Lib */,
				D5E2EC841D89271F0055512B /* YGView.xib */,
				D5B1D1F91D62BCF50081B847 /* Main.storyboard */,
				D5B1D1FC1D62BCF50081B847 /* Assets.xcassets */,
				D5B1D1FE1D62BCF50081B847 /* LaunchScreen.storyboard */,
				D5B1D2011D62BCF50081B847 /* Info.plist */,
				D5B1D1F01D62BCF50081B847 /* Supporting Files */,
			);
			path = YGClassCollection;
			sourceTree = "<group>";
		};
		D5B1D1F01D62BCF50081B847 /* Supporting Files */ = {
			isa = PBXGroup;
			children = (
				D5B1D1F11D62BCF50081B847 /* main.m */,
			);
			name = "Supporting Files";
			sourceTree = "<group>";
		};
		D5B1D20A1D62D7DE0081B847 /* Lib */ = {
			isa = PBXGroup;
			children = (
				D51F19B61D86A2D400E37223 /* Accelerate.framework */,
			);
			path = Lib;
			sourceTree = "<group>";
		};
		D812CBC11F66DC550078373C /* Category */ = {
			isa = PBXGroup;
			children = (
				D812CBC21F66DC550078373C /* NSAttributedString+YGTool.h */,
				D812CBC31F66DC550078373C /* NSAttributedString+YGTool.m */,
				D812CBC41F66DC550078373C /* NSDate+YGTool.h */,
				D812CBC51F66DC550078373C /* NSDate+YGTool.m */,
				D812CBC61F66DC550078373C /* NSObject+YGTool.h */,
				D812CBC71F66DC550078373C /* NSObject+YGTool.m */,
				D812CBC81F66DC550078373C /* NSString+YGTool.h */,
				D812CBC91F66DC550078373C /* NSString+YGTool.m */,
				D812CBCA1F66DC550078373C /* NSTimer+YGTool.h */,
				D812CBCB1F66DC550078373C /* NSTimer+YGTool.m */,
				D812CBCC1F66DC550078373C /* UIButton+YGTool.h */,
				D812CBCD1F66DC550078373C /* UIButton+YGTool.m */,
				D812CBCE1F66DC550078373C /* UIColor+YGTool.h */,
				D812CBCF1F66DC550078373C /* UIColor+YGTool.m */,
				D812CBD01F66DC550078373C /* UIControl+YGTool.h */,
				D812CBD11F66DC550078373C /* UIControl+YGTool.m */,
				D812CBD21F66DC550078373C /* UIImage+YG_SDGIF.h */,
				D812CBD31F66DC550078373C /* UIImage+YG_SDGIF.m */,
				D812CBD41F66DC550078373C /* UIImage+YGTool.h */,
				D812CBD51F66DC550078373C /* UIImage+YGTool.m */,
				D812CBD61F66DC550078373C /* UIView+YGTool.h */,
				D812CBD71F66DC550078373C /* UIView+YGTool.m */,
				D812CBD81F66DC550078373C /* UIWebView+YGTool.h */,
				D812CBD91F66DC550078373C /* UIWebView+YGTool.m */,
				D812CBDA1F66DC550078373C /* WKWebView+YGTool.h */,
				D812CBDB1F66DC550078373C /* WKWebView+YGTool.m */,
				D812CBDC1F66DC550078373C /* YGClassCollection.h */,
				D812CBDD1F66DC550078373C /* YGObjectModel.h */,
			);
			path = Category;
			sourceTree = "<group>";
		};
		D8506DA81F5560EC004F228D /* Class */ = {
			isa = PBXGroup;
			children = (
				D812CBC11F66DC550078373C /* Category */,
				D8506DC61F5560EC004F228D /* UI */,
			);
			path = Class;
			sourceTree = "<group>";
		};
		D8506DC61F5560EC004F228D /* UI */ = {
			isa = PBXGroup;
			children = (
				D8A77E272008A13D00A7FAC4 /* YGPlayView */,
				D8A77E1D2008A0B200A7FAC4 /* YGItemsView */,
				D8506DC71F5560EC004F228D /* iSuperScrollElvesDemo */,
				D8506DCA1F5560EC004F228D /* SXNavigationView */,
				D8506DCD1F5560EC004F228D /* YGIconAndTitleCell */,
				D8506DD01F5560EC004F228D /* YGImageChoosView */,
				D8506DD81F5560EC004F228D /* YGInputView */,
				D8506DDB1F5560EC004F228D /* YGNumberChooseView */,
				D8506DDE1F5560EC004F228D /* YGPagesView */,
			);
			path = UI;
			sourceTree = "<group>";
		};
		D8506DC71F5560EC004F228D /* iSuperScrollElvesDemo */ = {
			isa = PBXGroup;
			children = (
				D8506DC81F5560EC004F228D /* iSuperScrollElves.h */,
				D8506DC91F5560EC004F228D /* iSuperScrollElves.m */,
			);
			path = iSuperScrollElvesDemo;
			sourceTree = "<group>";
		};
		D8506DCA1F5560EC004F228D /* SXNavigationView */ = {
			isa = PBXGroup;
			children = (
				D8506DCB1F5560EC004F228D /* SXNavigationView.h */,
				D8506DCC1F5560EC004F228D /* SXNavigationView.m */,
			);
			path = SXNavigationView;
			sourceTree = "<group>";
		};
		D8506DCD1F5560EC004F228D /* YGIconAndTitleCell */ = {
			isa = PBXGroup;
			children = (
				D8506DCE1F5560EC004F228D /* SXIconAndTitleCell.h */,
				D8506DCF1F5560EC004F228D /* SXIconAndTitleCell.m */,
			);
			path = YGIconAndTitleCell;
			sourceTree = "<group>";
		};
		D8506DD01F5560EC004F228D /* YGImageChoosView */ = {
			isa = PBXGroup;
			children = (
				D8506DD41F5560EC004F228D /* YGImageContentView.h */,
				D8506DD51F5560EC004F228D /* YGImageContentView.m */,
				D8506DD11F5560EC004F228D /* YGImageContentItemCell.h */,
				D8506DD21F5560EC004F228D /* YGImageContentItemCell.m */,
				D8506DD31F5560EC004F228D /* YGImageContentItemCell.xib */,
				D8506DD61F5560EC004F228D /* YGImageModel.h */,
				D8506DD71F5560EC004F228D /* YGImageModel.m */,
			);
			path = YGImageChoosView;
			sourceTree = "<group>";
		};
		D8506DD81F5560EC004F228D /* YGInputView */ = {
			isa = PBXGroup;
			children = (
				D8506DD91F5560EC004F228D /* InputView.h */,
				D8506DDA1F5560EC004F228D /* InputView.m */,
			);
			path = YGInputView;
			sourceTree = "<group>";
		};
		D8506DDB1F5560EC004F228D /* YGNumberChooseView */ = {
			isa = PBXGroup;
			children = (
				D8506DDC1F5560EC004F228D /* NumberChooseView.h */,
				D8506DDD1F5560EC004F228D /* NumberChooseView.m */,
			);
			path = YGNumberChooseView;
			sourceTree = "<group>";
		};
		D8506DDE1F5560EC004F228D /* YGPagesView */ = {
			isa = PBXGroup;
			children = (
				D8506DDF1F5560EC004F228D /* YGPagesView.h */,
				D8506DE01F5560EC004F228D /* YGPagesView.m */,
			);
			path = YGPagesView;
			sourceTree = "<group>";
		};
		D8A77E1D2008A0B200A7FAC4 /* YGItemsView */ = {
			isa = PBXGroup;
			children = (
				D8A77E1E2008A0B200A7FAC4 /* YGItemsView.h */,
				D8A77E1F2008A0B200A7FAC4 /* YGEqualSpaceFlowLayout.h */,
				D8A77E202008A0B200A7FAC4 /* YGItemsViewCell.h */,
				D8A77E212008A0B200A7FAC4 /* YGItemsView.m */,
				D8A77E222008A0B200A7FAC4 /* YGEqualSpaceFlowLayout.m */,
				D8A77E232008A0B200A7FAC4 /* YGItemsViewCell.m */,
			);
			path = YGItemsView;
			sourceTree = "<group>";
		};
		D8A77E272008A13D00A7FAC4 /* YGPlayView */ = {
			isa = PBXGroup;
			children = (
				D8A77E2B2008A13D00A7FAC4 /* YGPlayManager.h */,
				D8A77E2E2008A13D00A7FAC4 /* YGPlayManager.m */,
				D8A77E292008A13D00A7FAC4 /* YGPlayModel.h */,
				D8A77E2D2008A13D00A7FAC4 /* YGPlayModel.m */,
				D8A77E2F2008A13D00A7FAC4 /* YGMp3PlayDelegate.h */,
				D8A77E2A2008A13D00A7FAC4 /* YGMp3PlayDelegate.m */,
				D8A77E2C2008A13D00A7FAC4 /* YGMp3PlayView.h */,
				D8A77E282008A13D00A7FAC4 /* YGMp3PlayView.m */,
			);
			path = YGPlayView;
			sourceTree = "<group>";
		};
/* End PBXGroup section */

/* Begin PBXNativeTarget section */
		D5B1D1EC1D62BCF50081B847 /* YGClassCollection */ = {
			isa = PBXNativeTarget;
			buildConfigurationList = D5B1D2041D62BCF50081B847 /* Build configuration list for PBXNativeTarget "YGClassCollection" */;
			buildPhases = (
				BE67D6195601AF34784F9F92 /* [CP] Check Pods Manifest.lock */,
				D5B1D1E91D62BCF50081B847 /* Sources */,
				D5B1D1EA1D62BCF50081B847 /* Frameworks */,
				D5B1D1EB1D62BCF50081B847 /* Resources */,
			);
			buildRules = (
			);
			dependencies = (
			);
			name = YGClassCollection;
			productName = YGClassCollection;
			productReference = D5B1D1ED1D62BCF50081B847 /* YGClassCollection.app */;
			productType = "com.apple.product-type.application";
		};
/* End PBXNativeTarget section */

/* Begin PBXProject section */
		D5B1D1E51D62BCF50081B847 /* Project object */ = {
			isa = PBXProject;
			attributes = {
				LastUpgradeCheck = 0820;
				ORGANIZATIONNAME = "吴港";
				TargetAttributes = {
					D5B1D1EC1D62BCF50081B847 = {
						CreatedOnToolsVersion = 7.3.1;
						DevelopmentTeam = 7EC754N826;
					};
				};
			};
			buildConfigurationList = D5B1D1E81D62BCF50081B847 /* Build configuration list for PBXProject "YGClassCollection" */;
			compatibilityVersion = "Xcode 3.2";
			developmentRegion = English;
			hasScannedForEncodings = 0;
			knownRegions = (
				en,
				Base,
			);
			mainGroup = D5B1D1E41D62BCF50081B847;
			productRefGroup = D5B1D1EE1D62BCF50081B847 /* Products */;
			projectDirPath = "";
			projectRoot = "";
			targets = (
				D5B1D1EC1D62BCF50081B847 /* YGClassCollection */,
			);
		};
/* End PBXProject section */

/* Begin PBXResourcesBuildPhase section */
		D5B1D1EB1D62BCF50081B847 /* Resources */ = {
			isa = PBXResourcesBuildPhase;
			buildActionMask = 2147483647;
			files = (
				D5501EC11D952D6C006A245C /* 12345.jpg in Resources */,
				D51F19B91D86A72400E37223 /* 123.jpg in Resources */,
				D8506DF21F5560EC004F228D /* YGImageContentItemCell.xib in Resources */,
				D5B1D2001D62BCF50081B847 /* LaunchScreen.storyboard in Resources */,
				D5B1D1FD1D62BCF50081B847 /* Assets.xcassets in Resources */,
				D5E2EC851D89271F0055512B /* YGView.xib in Resources */,
				D5B1D1FB1D62BCF50081B847 /* Main.storyboard in Resources */,
			);
			runOnlyForDeploymentPostprocessing = 0;
		};
/* End PBXResourcesBuildPhase section */

/* Begin PBXShellScriptBuildPhase section */
		BE67D6195601AF34784F9F92 /* [CP] Check Pods Manifest.lock */ = {
			isa = PBXShellScriptBuildPhase;
			buildActionMask = 2147483647;
			files = (
			);
			inputPaths = (
				"${PODS_PODFILE_DIR_PATH}/Podfile.lock",
				"${PODS_ROOT}/Manifest.lock",
			);
			name = "[CP] Check Pods Manifest.lock";
			outputPaths = (
				"$(DERIVED_FILE_DIR)/Pods-YGClassCollection-checkManifestLockResult.txt",
			);
			runOnlyForDeploymentPostprocessing = 0;
			shellPath = /bin/sh;
			shellScript = "diff \"${PODS_PODFILE_DIR_PATH}/Podfile.lock\" \"${PODS_ROOT}/Manifest.lock\" > /dev/null\nif [ $? != 0 ] ; then\n    # print error to STDERR\n    echo \"error: The sandbox is not in sync with the Podfile.lock. Run 'pod install' or update your CocoaPods installation.\" >&2\n    exit 1\nfi\n# This output is used by Xcode 'outputs' to avoid re-running this script phase.\necho \"SUCCESS\" > \"${SCRIPT_OUTPUT_FILE_0}\"\n";
			showEnvVarsInLog = 0;
		};
/* End PBXShellScriptBuildPhase section */

/* Begin PBXSourcesBuildPhase section */
		D5B1D1E91D62BCF50081B847 /* Sources */ = {
			isa = PBXSourcesBuildPhase;
			buildActionMask = 2147483647;
			files = (
				D8506DF51F5560EC004F228D /* InputView.m in Sources */,
				D8506DF31F5560EC004F228D /* YGImageContentView.m in Sources */,
				D812CBDF1F66DC550078373C /* NSDate+YGTool.m in Sources */,
				D812CBE51F66DC550078373C /* UIControl+YGTool.m in Sources */,
				D812CBE41F66DC550078373C /* UIColor+YGTool.m in Sources */,
				D8A77E332008A13D00A7FAC4 /* YGPlayManager.m in Sources */,
				D8A77E252008A0B200A7FAC4 /* YGEqualSpaceFlowLayout.m in Sources */,
				D812CBE31F66DC550078373C /* UIButton+YGTool.m in Sources */,
				D812CBE11F66DC550078373C /* NSString+YGTool.m in Sources */,
				D812CBE91F66DC550078373C /* UIWebView+YGTool.m in Sources */,
				D812CBE61F66DC550078373C /* UIImage+YG_SDGIF.m in Sources */,
				D8506DF01F5560EC004F228D /* SXIconAndTitleCell.m in Sources */,
				D812CBDE1F66DC550078373C /* NSAttributedString+YGTool.m in Sources */,
				D5B1D1F81D62BCF50081B847 /* ViewController.m in Sources */,
				D5E7CC201D7FE79100F00676 /* YGObjectModel.m in Sources */,
				D8506DF71F5560EC004F228D /* YGPagesView.m in Sources */,
				D8A77E322008A13D00A7FAC4 /* YGPlayModel.m in Sources */,
				D8A77E312008A13D00A7FAC4 /* YGMp3PlayDelegate.m in Sources */,
				D812CBE71F66DC550078373C /* UIImage+YGTool.m in Sources */,
				D8A77E302008A13D00A7FAC4 /* YGMp3PlayView.m in Sources */,
				D5E7CC231D7FEE8A00F00676 /* YGObjectModelTow.m in Sources */,
				D8506DEE1F5560EC004F228D /* iSuperScrollElves.m in Sources */,
				D812CBE01F66DC550078373C /* NSObject+YGTool.m in Sources */,
				D8506DF41F5560EC004F228D /* YGImageModel.m in Sources */,
				D812CBEA1F66DC550078373C /* WKWebView+YGTool.m in Sources */,
				D8506DF61F5560EC004F228D /* NumberChooseView.m in Sources */,
				D8506DF11F5560EC004F228D /* YGImageContentItemCell.m in Sources */,
				D8A77E262008A0B200A7FAC4 /* YGItemsViewCell.m in Sources */,
				D5B1D1F51D62BCF50081B847 /* AppDelegate.m in Sources */,
				D8506DEF1F5560EC004F228D /* SXNavigationView.m in Sources */,
				D5B1D1F21D62BCF50081B847 /* main.m in Sources */,
				D8A77E242008A0B200A7FAC4 /* YGItemsView.m in Sources */,
				D812CBE81F66DC550078373C /* UIView+YGTool.m in Sources */,
				D812CBE21F66DC550078373C /* NSTimer+YGTool.m in Sources */,
			);
			runOnlyForDeploymentPostprocessing = 0;
		};
/* End PBXSourcesBuildPhase section */

/* Begin PBXVariantGroup section */
		D5B1D1F91D62BCF50081B847 /* Main.storyboard */ = {
			isa = PBXVariantGroup;
			children = (
				D5B1D1FA1D62BCF50081B847 /* Base */,
			);
			name = Main.storyboard;
			sourceTree = "<group>";
		};
		D5B1D1FE1D62BCF50081B847 /* LaunchScreen.storyboard */ = {
			isa = PBXVariantGroup;
			children = (
				D5B1D1FF1D62BCF50081B847 /* Base */,
			);
			name = LaunchScreen.storyboard;
			sourceTree = "<group>";
		};
/* End PBXVariantGroup section */

/* Begin XCBuildConfiguration section */
		D5B1D2021D62BCF50081B847 /* Debug */ = {
			isa = XCBuildConfiguration;
			buildSettings = {
				ALWAYS_SEARCH_USER_PATHS = NO;
				CLANG_ANALYZER_NONNULL = YES;
				CLANG_CXX_LANGUAGE_STANDARD = "gnu++0x";
				CLANG_CXX_LIBRARY = "libc++";
				CLANG_ENABLE_MODULES = YES;
				CLANG_ENABLE_OBJC_ARC = YES;
				CLANG_WARN_BOOL_CONVERSION = YES;
				CLANG_WARN_CONSTANT_CONVERSION = YES;
				CLANG_WARN_DIRECT_OBJC_ISA_USAGE = YES_ERROR;
				CLANG_WARN_EMPTY_BODY = YES;
				CLANG_WARN_ENUM_CONVERSION = YES;
				CLANG_WARN_INFINITE_RECURSION = YES;
				CLANG_WARN_INT_CONVERSION = YES;
				CLANG_WARN_OBJC_ROOT_CLASS = YES_ERROR;
				CLANG_WARN_SUSPICIOUS_MOVE = YES;
				CLANG_WARN_UNREACHABLE_CODE = YES;
				CLANG_WARN__DUPLICATE_METHOD_MATCH = YES;
				"CODE_SIGN_IDENTITY[sdk=iphoneos*]" = "iPhone Developer";
				COPY_PHASE_STRIP = NO;
				DEBUG_INFORMATION_FORMAT = dwarf;
				ENABLE_STRICT_OBJC_MSGSEND = YES;
				ENABLE_TESTABILITY = YES;
				GCC_C_LANGUAGE_STANDARD = gnu99;
				GCC_DYNAMIC_NO_PIC = NO;
				GCC_NO_COMMON_BLOCKS = YES;
				GCC_OPTIMIZATION_LEVEL = 0;
				GCC_PREPROCESSOR_DEFINITIONS = (
					"DEBUG=1",
					"$(inherited)",
				);
				GCC_WARN_64_TO_32_BIT_CONVERSION = YES;
				GCC_WARN_ABOUT_RETURN_TYPE = YES_ERROR;
				GCC_WARN_UNDECLARED_SELECTOR = YES;
				GCC_WARN_UNINITIALIZED_AUTOS = YES_AGGRESSIVE;
				GCC_WARN_UNUSED_FUNCTION = YES;
				GCC_WARN_UNUSED_VARIABLE = YES;
				IPHONEOS_DEPLOYMENT_TARGET = 9.3;
				MTL_ENABLE_DEBUG_INFO = YES;
				ONLY_ACTIVE_ARCH = YES;
				SDKROOT = iphoneos;
				TARGETED_DEVICE_FAMILY = "1,2";
			};
			name = Debug;
		};
		D5B1D2031D62BCF50081B847 /* Release */ = {
			isa = XCBuildConfiguration;
			buildSettings = {
				ALWAYS_SEARCH_USER_PATHS = NO;
				CLANG_ANALYZER_NONNULL = YES;
				CLANG_CXX_LANGUAGE_STANDARD = "gnu++0x";
				CLANG_CXX_LIBRARY = "libc++";
				CLANG_ENABLE_MODULES = YES;
				CLANG_ENABLE_OBJC_ARC = YES;
				CLANG_WARN_BOOL_CONVERSION = YES;
				CLANG_WARN_CONSTANT_CONVERSION = YES;
				CLANG_WARN_DIRECT_OBJC_ISA_USAGE = YES_ERROR;
				CLANG_WARN_EMPTY_BODY = YES;
				CLANG_WARN_ENUM_CONVERSION = YES;
				CLANG_WARN_INFINITE_RECURSION = YES;
				CLANG_WARN_INT_CONVERSION = YES;
				CLANG_WARN_OBJC_ROOT_CLASS = YES_ERROR;
				CLANG_WARN_SUSPICIOUS_MOVE = YES;
				CLANG_WARN_UNREACHABLE_CODE = YES;
				CLANG_WARN__DUPLICATE_METHOD_MATCH = YES;
				"CODE_SIGN_IDENTITY[sdk=iphoneos*]" = "iPhone Developer";
				COPY_PHASE_STRIP = NO;
				DEBUG_INFORMATION_FORMAT = "dwarf-with-dsym";
				ENABLE_NS_ASSERTIONS = NO;
				ENABLE_STRICT_OBJC_MSGSEND = YES;
				GCC_C_LANGUAGE_STANDARD = gnu99;
				GCC_NO_COMMON_BLOCKS = YES;
				GCC_WARN_64_TO_32_BIT_CONVERSION = YES;
				GCC_WARN_ABOUT_RETURN_TYPE = YES_ERROR;
				GCC_WARN_UNDECLARED_SELECTOR = YES;
				GCC_WARN_UNINITIALIZED_AUTOS = YES_AGGRESSIVE;
				GCC_WARN_UNUSED_FUNCTION = YES;
				GCC_WARN_UNUSED_VARIABLE = YES;
				IPHONEOS_DEPLOYMENT_TARGET = 9.3;
				MTL_ENABLE_DEBUG_INFO = NO;
				SDKROOT = iphoneos;
				TARGETED_DEVICE_FAMILY = "1,2";
				VALIDATE_PRODUCT = YES;
			};
			name = Release;
		};
		D5B1D2051D62BCF50081B847 /* Debug */ = {
			isa = XCBuildConfiguration;
			baseConfigurationReference = 624573F0494FEEC60B023438 /* Pods-YGClassCollection.debug.xcconfig */;
			buildSettings = {
				ASSETCATALOG_COMPILER_APPICON_NAME = AppIcon;
				CODE_SIGN_IDENTITY = "iPhone Developer";
				DEVELOPMENT_TEAM = 7EC754N826;
				INFOPLIST_FILE = YGClassCollection/Info.plist;
				IPHONEOS_DEPLOYMENT_TARGET = 8.0;
				LD_RUNPATH_SEARCH_PATHS = "$(inherited) @executable_path/Frameworks";
				PRODUCT_BUNDLE_IDENTIFIER = com.wyg.YGClassCollection;
				PRODUCT_NAME = "$(TARGET_NAME)";
				SDKROOT = iphoneos;
				TARGETED_DEVICE_FAMILY = 1;
			};
			name = Debug;
		};
		D5B1D2061D62BCF50081B847 /* Release */ = {
			isa = XCBuildConfiguration;
			baseConfigurationReference = 4008DEEB43BF57EFA556F2A4 /* Pods-YGClassCollection.release.xcconfig */;
			buildSettings = {
				ASSETCATALOG_COMPILER_APPICON_NAME = AppIcon;
				CODE_SIGN_IDENTITY = "iPhone Developer";
				DEVELOPMENT_TEAM = 7EC754N826;
				INFOPLIST_FILE = YGClassCollection/Info.plist;
				IPHONEOS_DEPLOYMENT_TARGET = 8.0;
				LD_RUNPATH_SEARCH_PATHS = "$(inherited) @executable_path/Frameworks";
				PRODUCT_BUNDLE_IDENTIFIER = com.wyg.YGClassCollection;
				PRODUCT_NAME = "$(TARGET_NAME)";
				SDKROOT = iphoneos;
				TARGETED_DEVICE_FAMILY = 1;
			};
			name = Release;
		};
/* End XCBuildConfiguration section */

/* Begin XCConfigurationList section */
		D5B1D1E81D62BCF50081B847 /* Build configuration list for PBXProject "YGClassCollection" */ = {
			isa = XCConfigurationList;
			buildConfigurations = (
				D5B1D2021D62BCF50081B847 /* Debug */,
				D5B1D2031D62BCF50081B847 /* Release */,
			);
			defaultConfigurationIsVisible = 0;
			defaultConfigurationName = Release;
		};
		D5B1D2041D62BCF50081B847 /* Build configuration list for PBXNativeTarget "YGClassCollection" */ = {
			isa = XCConfigurationList;
			buildConfigurations = (
				D5B1D2051D62BCF50081B847 /* Debug */,
				D5B1D2061D62BCF50081B847 /* Release */,
			);
			defaultConfigurationIsVisible = 0;
			defaultConfigurationName = Release;
		};
/* End XCConfigurationList section */
	};
	rootObject = D5B1D1E51D62BCF50081B847 /* Project object */;
}
